// !$*UTF8*$!
{
	archiveVersion = 1;
	classes = {
	};
	objectVersion = 56;
	objects = {

/* Begin PBXBuildFile section */
		E833E3BF2C5F54A10018B66F /* AppetizerListCell.swift in Sources */ = {isa = PBXBuildFile; fileRef = E833E3BE2C5F54A10018B66F /* AppetizerListCell.swift */; };
		E833E3C12C6014520018B66F /* APError.swift in Sources */ = {isa = PBXBuildFile; fileRef = E833E3C02C6014520018B66F /* APError.swift */; };
		E833E3C32C60151F0018B66F /* NetworkManager.swift in Sources */ = {isa = PBXBuildFile; fileRef = E833E3C22C60151F0018B66F /* NetworkManager.swift */; };
		E833E3C52C6033310018B66F /* AppetizersViewModel.swift in Sources */ = {isa = PBXBuildFile; fileRef = E833E3C42C6033310018B66F /* AppetizersViewModel.swift */; };
		E833E3C72C6035660018B66F /* Alert.swift in Sources */ = {isa = PBXBuildFile; fileRef = E833E3C62C6035660018B66F /* Alert.swift */; };
		E833E3C92C603E120018B66F /* LoadingView.swift in Sources */ = {isa = PBXBuildFile; fileRef = E833E3C82C603E120018B66F /* LoadingView.swift */; };
		E8430AEE2C5F347A00C0B80B /* AppetizersApp.swift in Sources */ = {isa = PBXBuildFile; fileRef = E8430AED2C5F347A00C0B80B /* AppetizersApp.swift */; };
		E8430AF02C5F347A00C0B80B /* AppetizerTabView.swift in Sources */ = {isa = PBXBuildFile; fileRef = E8430AEF2C5F347A00C0B80B /* AppetizerTabView.swift */; };
		E8430AF22C5F347B00C0B80B /* Assets.xcassets in Resources */ = {isa = PBXBuildFile; fileRef = E8430AF12C5F347B00C0B80B /* Assets.xcassets */; };
		E8430AF62C5F347B00C0B80B /* Preview Assets.xcassets in Resources */ = {isa = PBXBuildFile; fileRef = E8430AF52C5F347B00C0B80B /* Preview Assets.xcassets */; };
		E8430B002C5F347C00C0B80B /* AppetizersTests.swift in Sources */ = {isa = PBXBuildFile; fileRef = E8430AFF2C5F347C00C0B80B /* AppetizersTests.swift */; };
		E8430B0A2C5F347C00C0B80B /* AppetizersUITests.swift in Sources */ = {isa = PBXBuildFile; fileRef = E8430B092C5F347C00C0B80B /* AppetizersUITests.swift */; };
		E8430B0C2C5F347C00C0B80B /* AppetizersUITestsLaunchTests.swift in Sources */ = {isa = PBXBuildFile; fileRef = E8430B0B2C5F347C00C0B80B /* AppetizersUITestsLaunchTests.swift */; };
		E8430B192C5F358100C0B80B /* AppetizerListView.swift in Sources */ = {isa = PBXBuildFile; fileRef = E8430B182C5F358100C0B80B /* AppetizerListView.swift */; };
		E8430B1B2C5F35A200C0B80B /* AccountView.swift in Sources */ = {isa = PBXBuildFile; fileRef = E8430B1A2C5F35A200C0B80B /* AccountView.swift */; };
		E8430B1D2C5F35C100C0B80B /* OrderView.swift in Sources */ = {isa = PBXBuildFile; fileRef = E8430B1C2C5F35C100C0B80B /* OrderView.swift */; };
		E8430B1F2C5F4CD600C0B80B /* Appetizer.swift in Sources */ = {isa = PBXBuildFile; fileRef = E8430B1E2C5F4CD600C0B80B /* Appetizer.swift */; };
/* End PBXBuildFile section */

/* Begin PBXContainerItemProxy section */
		E8430AFC2C5F347C00C0B80B /* PBXContainerItemProxy */ = {
			isa = PBXContainerItemProxy;
			containerPortal = E8430AE22C5F347A00C0B80B /* Project object */;
			proxyType = 1;
			remoteGlobalIDString = E8430AE92C5F347A00C0B80B;
			remoteInfo = Appetizers;
		};
		E8430B062C5F347C00C0B80B /* PBXContainerItemProxy */ = {
			isa = PBXContainerItemProxy;
			containerPortal = E8430AE22C5F347A00C0B80B /* Project object */;
			proxyType = 1;
			remoteGlobalIDString = E8430AE92C5F347A00C0B80B;
			remoteInfo = Appetizers;
		};
/* End PBXContainerItemProxy section */

/* Begin PBXFileReference section */
		E833E3BE2C5F54A10018B66F /* AppetizerListCell.swift */ = {isa = PBXFileReference; lastKnownFileType = sourcecode.swift; path = AppetizerListCell.swift; sourceTree = "<group>"; };
		E833E3C02C6014520018B66F /* APError.swift */ = {isa = PBXFileReference; lastKnownFileType = sourcecode.swift; path = APError.swift; sourceTree = "<group>"; };
		E833E3C22C60151F0018B66F /* NetworkManager.swift */ = {isa = PBXFileReference; lastKnownFileType = sourcecode.swift; path = NetworkManager.swift; sourceTree = "<group>"; };
		E833E3C42C6033310018B66F /* AppetizersViewModel.swift */ = {isa = PBXFileReference; lastKnownFileType = sourcecode.swift; path = AppetizersViewModel.swift; sourceTree = "<group>"; };
		E833E3C62C6035660018B66F /* Alert.swift */ = {isa = PBXFileReference; lastKnownFileType = sourcecode.swift; path = Alert.swift; sourceTree = "<group>"; };
		E833E3C82C603E120018B66F /* LoadingView.swift */ = {isa = PBXFileReference; lastKnownFileType = sourcecode.swift; path = LoadingView.swift; sourceTree = "<group>"; };
		E8430AEA2C5F347A00C0B80B /* Appetizers.app */ = {isa = PBXFileReference; explicitFileType = wrapper.application; includeInIndex = 0; path = Appetizers.app; sourceTree = BUILT_PRODUCTS_DIR; };
		E8430AED2C5F347A00C0B80B /* AppetizersApp.swift */ = {isa = PBXFileReference; lastKnownFileType = sourcecode.swift; path = AppetizersApp.swift; sourceTree = "<group>"; };
		E8430AEF2C5F347A00C0B80B /* AppetizerTabView.swift */ = {isa = PBXFileReference; lastKnownFileType = sourcecode.swift; path = AppetizerTabView.swift; sourceTree = "<group>"; };
		E8430AF12C5F347B00C0B80B /* Assets.xcassets */ = {isa = PBXFileReference; lastKnownFileType = folder.assetcatalog; path = Assets.xcassets; sourceTree = "<group>"; };
		E8430AF32C5F347B00C0B80B /* Appetizers.entitlements */ = {isa = PBXFileReference; lastKnownFileType = text.plist.entitlements; path = Appetizers.entitlements; sourceTree = "<group>"; };
		E8430AF52C5F347B00C0B80B /* Preview Assets.xcassets */ = {isa = PBXFileReference; lastKnownFileType = folder.assetcatalog; path = "Preview Assets.xcassets"; sourceTree = "<group>"; };
		E8430AFB2C5F347C00C0B80B /* AppetizersTests.xctest */ = {isa = PBXFileReference; explicitFileType = wrapper.cfbundle; includeInIndex = 0; path = AppetizersTests.xctest; sourceTree = BUILT_PRODUCTS_DIR; };
		E8430AFF2C5F347C00C0B80B /* AppetizersTests.swift */ = {isa = PBXFileReference; lastKnownFileType = sourcecode.swift; path = AppetizersTests.swift; sourceTree = "<group>"; };
		E8430B052C5F347C00C0B80B /* AppetizersUITests.xctest */ = {isa = PBXFileReference; explicitFileType = wrapper.cfbundle; includeInIndex = 0; path = AppetizersUITests.xctest; sourceTree = BUILT_PRODUCTS_DIR; };
		E8430B092C5F347C00C0B80B /* AppetizersUITests.swift */ = {isa = PBXFileReference; lastKnownFileType = sourcecode.swift; path = AppetizersUITests.swift; sourceTree = "<group>"; };
		E8430B0B2C5F347C00C0B80B /* AppetizersUITestsLaunchTests.swift */ = {isa = PBXFileReference; lastKnownFileType = sourcecode.swift; path = AppetizersUITestsLaunchTests.swift; sourceTree = "<group>"; };
		E8430B182C5F358100C0B80B /* AppetizerListView.swift */ = {isa = PBXFileReference; lastKnownFileType = sourcecode.swift; path = AppetizerListView.swift; sourceTree = "<group>"; };
		E8430B1A2C5F35A200C0B80B /* AccountView.swift */ = {isa = PBXFileReference; lastKnownFileType = sourcecode.swift; path = AccountView.swift; sourceTree = "<group>"; };
		E8430B1C2C5F35C100C0B80B /* OrderView.swift */ = {isa = PBXFileReference; lastKnownFileType = sourcecode.swift; path = OrderView.swift; sourceTree = "<group>"; };
		E8430B1E2C5F4CD600C0B80B /* Appetizer.swift */ = {isa = PBXFileReference; lastKnownFileType = sourcecode.swift; path = Appetizer.swift; sourceTree = "<group>"; };
/* End PBXFileReference section */

/* Begin PBXFrameworksBuildPhase section */
		E8430AE72C5F347A00C0B80B /* Frameworks */ = {
			isa = PBXFrameworksBuildPhase;
			buildActionMask = 2147483647;
			files = (
			);
			runOnlyForDeploymentPostprocessing = 0;
		};
		E8430AF82C5F347C00C0B80B /* Frameworks */ = {
			isa = PBXFrameworksBuildPhase;
			buildActionMask = 2147483647;
			files = (
			);
			runOnlyForDeploymentPostprocessing = 0;
		};
		E8430B022C5F347C00C0B80B /* Frameworks */ = {
			isa = PBXFrameworksBuildPhase;
			buildActionMask = 2147483647;
			files = (
			);
			runOnlyForDeploymentPostprocessing = 0;
		};
/* End PBXFrameworksBuildPhase section */

/* Begin PBXGroup section */
		E8430AE12C5F347A00C0B80B = {
			isa = PBXGroup;
			children = (
				E8430AEC2C5F347A00C0B80B /* Appetizers */,
				E8430AFE2C5F347C00C0B80B /* AppetizersTests */,
				E8430B082C5F347C00C0B80B /* AppetizersUITests */,
				E8430AEB2C5F347A00C0B80B /* Products */,
			);
			sourceTree = "<group>";
		};
		E8430AEB2C5F347A00C0B80B /* Products */ = {
			isa = PBXGroup;
			children = (
				E8430AEA2C5F347A00C0B80B /* Appetizers.app */,
				E8430AFB2C5F347C00C0B80B /* AppetizersTests.xctest */,
				E8430B052C5F347C00C0B80B /* AppetizersUITests.xctest */,
			);
			name = Products;
			sourceTree = "<group>";
		};
		E8430AEC2C5F347A00C0B80B /* Appetizers */ = {
			isa = PBXGroup;
			children = (
				E8430AED2C5F347A00C0B80B /* AppetizersApp.swift */,
				E8430B1E2C5F4CD600C0B80B /* Appetizer.swift */,
				E833E3C62C6035660018B66F /* Alert.swift */,
				E8430AEF2C5F347A00C0B80B /* AppetizerTabView.swift */,
				E8430B182C5F358100C0B80B /* AppetizerListView.swift */,
				E833E3C82C603E120018B66F /* LoadingView.swift */,
				E833E3C02C6014520018B66F /* APError.swift */,
				E833E3C22C60151F0018B66F /* NetworkManager.swift */,
				E833E3BE2C5F54A10018B66F /* AppetizerListCell.swift */,
				E8430B1A2C5F35A200C0B80B /* AccountView.swift */,
				E8430B1C2C5F35C100C0B80B /* OrderView.swift */,
				E8430AF12C5F347B00C0B80B /* Assets.xcassets */,
				E8430AF32C5F347B00C0B80B /* Appetizers.entitlements */,
				E8430AF42C5F347B00C0B80B /* Preview Content */,
				E833E3C42C6033310018B66F /* AppetizersViewModel.swift */,
			);
			path = Appetizers;
			sourceTree = "<group>";
		};
		E8430AF42C5F347B00C0B80B /* Preview Content */ = {
			isa = PBXGroup;
			children = (
				E8430AF52C5F347B00C0B80B /* Preview Assets.xcassets */,
			);
			path = "Preview Content";
			sourceTree = "<group>";
		};
		E8430AFE2C5F347C00C0B80B /* AppetizersTests */ = {
			isa = PBXGroup;
			children = (
				E8430AFF2C5F347C00C0B80B /* AppetizersTests.swift */,
			);
			path = AppetizersTests;
			sourceTree = "<group>";
		};
		E8430B082C5F347C00C0B80B /* AppetizersUITests */ = {
			isa = PBXGroup;
			children = (
				E8430B092C5F347C00C0B80B /* AppetizersUITests.swift */,
				E8430B0B2C5F347C00C0B80B /* AppetizersUITestsLaunchTests.swift */,
			);
			path = AppetizersUITests;
			sourceTree = "<group>";
		};
/* End PBXGroup section */

/* Begin PBXNativeTarget section */
		E8430AE92C5F347A00C0B80B /* Appetizers */ = {
			isa = PBXNativeTarget;
			buildConfigurationList = E8430B0F2C5F347C00C0B80B /* Build configuration list for PBXNativeTarget "Appetizers" */;
			buildPhases = (
				E8430AE62C5F347A00C0B80B /* Sources */,
				E8430AE72C5F347A00C0B80B /* Frameworks */,
				E8430AE82C5F347A00C0B80B /* Resources */,
			);
			buildRules = (
			);
			dependencies = (
			);
			name = Appetizers;
			productName = Appetizers;
			productReference = E8430AEA2C5F347A00C0B80B /* Appetizers.app */;
			productType = "com.apple.product-type.application";
		};
		E8430AFA2C5F347C00C0B80B /* AppetizersTests */ = {
			isa = PBXNativeTarget;
			buildConfigurationList = E8430B122C5F347C00C0B80B /* Build configuration list for PBXNativeTarget "AppetizersTests" */;
			buildPhases = (
				E8430AF72C5F347C00C0B80B /* Sources */,
				E8430AF82C5F347C00C0B80B /* Frameworks */,
				E8430AF92C5F347C00C0B80B /* Resources */,
			);
			buildRules = (
			);
			dependencies = (
				E8430AFD2C5F347C00C0B80B /* PBXTargetDependency */,
			);
			name = AppetizersTests;
			productName = AppetizersTests;
			productReference = E8430AFB2C5F347C00C0B80B /* AppetizersTests.xctest */;
			productType = "com.apple.product-type.bundle.unit-test";
		};
		E8430B042C5F347C00C0B80B /* AppetizersUITests */ = {
			isa = PBXNativeTarget;
			buildConfigurationList = E8430B152C5F347C00C0B80B /* Build configuration list for PBXNativeTarget "AppetizersUITests" */;
			buildPhases = (
				E8430B012C5F347C00C0B80B /* Sources */,
				E8430B022C5F347C00C0B80B /* Frameworks */,
				E8430B032C5F347C00C0B80B /* Resources */,
			);
			buildRules = (
			);
			dependencies = (
				E8430B072C5F347C00C0B80B /* PBXTargetDependency */,
			);
			name = AppetizersUITests;
			productName = AppetizersUITests;
			productReference = E8430B052C5F347C00C0B80B /* AppetizersUITests.xctest */;
			productType = "com.apple.product-type.bundle.ui-testing";
		};
/* End PBXNativeTarget section */

/* Begin PBXProject section */
		E8430AE22C5F347A00C0B80B /* Project object */ = {
			isa = PBXProject;
			attributes = {
				BuildIndependentTargetsInParallel = 1;
				LastSwiftUpdateCheck = 1540;
				LastUpgradeCheck = 1540;
				TargetAttributes = {
					E8430AE92C5F347A00C0B80B = {
						CreatedOnToolsVersion = 15.4;
					};
					E8430AFA2C5F347C00C0B80B = {
						CreatedOnToolsVersion = 15.4;
						TestTargetID = E8430AE92C5F347A00C0B80B;
					};
					E8430B042C5F347C00C0B80B = {
						CreatedOnToolsVersion = 15.4;
						TestTargetID = E8430AE92C5F347A00C0B80B;
					};
				};
			};
			buildConfigurationList = E8430AE52C5F347A00C0B80B /* Build configuration list for PBXProject "Appetizers" */;
			compatibilityVersion = "Xcode 14.0";
			developmentRegion = en;
			hasScannedForEncodings = 0;
			knownRegions = (
				en,
				Base,
			);
			mainGroup = E8430AE12C5F347A00C0B80B;
			productRefGroup = E8430AEB2C5F347A00C0B80B /* Products */;
			projectDirPath = "";
			projectRoot = "";
			targets = (
				E8430AE92C5F347A00C0B80B /* Appetizers */,
				E8430AFA2C5F347C00C0B80B /* AppetizersTests */,
				E8430B042C5F347C00C0B80B /* AppetizersUITests */,
			);
		};
/* End PBXProject section */

/* Begin PBXResourcesBuildPhase section */
		E8430AE82C5F347A00C0B80B /* Resources */ = {
			isa = PBXResourcesBuildPhase;
			buildActionMask = 2147483647;
			files = (
				E8430AF62C5F347B00C0B80B /* Preview Assets.xcassets in Resources */,
				E8430AF22C5F347B00C0B80B /* Assets.xcassets in Resources */,
			);
			runOnlyForDeploymentPostprocessing = 0;
		};
		E8430AF92C5F347C00C0B80B /* Resources */ = {
			isa = PBXResourcesBuildPhase;
			buildActionMask = 2147483647;
			files = (
			);
			runOnlyForDeploymentPostprocessing = 0;
		};
		E8430B032C5F347C00C0B80B /* Resources */ = {
			isa = PBXResourcesBuildPhase;
			buildActionMask = 2147483647;
			files = (
			);
			runOnlyForDeploymentPostprocessing = 0;
		};
/* End PBXResourcesBuildPhase section */

/* Begin PBXSourcesBuildPhase section */
		E8430AE62C5F347A00C0B80B /* Sources */ = {
			isa = PBXSourcesBuildPhase;
			buildActionMask = 2147483647;
			files = (
				E833E3C32C60151F0018B66F /* NetworkManager.swift in Sources */,
				E8430B1F2C5F4CD600C0B80B /* Appetizer.swift in Sources */,
				E833E3BF2C5F54A10018B66F /* AppetizerListCell.swift in Sources */,
				E8430B1B2C5F35A200C0B80B /* AccountView.swift in Sources */,
				E833E3C12C6014520018B66F /* APError.swift in Sources */,
				E833E3C92C603E120018B66F /* LoadingView.swift in Sources */,
				E8430AF02C5F347A00C0B80B /* AppetizerTabView.swift in Sources */,
				E8430AEE2C5F347A00C0B80B /* AppetizersApp.swift in Sources */,
				E8430B192C5F358100C0B80B /* AppetizerListView.swift in Sources */,
				E833E3C72C6035660018B66F /* Alert.swift in Sources */,
				E8430B1D2C5F35C100C0B80B /* OrderView.swift in Sources */,
				E833E3C52C6033310018B66F /* AppetizersViewModel.swift in Sources */,
			);
			runOnlyForDeploymentPostprocessing = 0;
		};
		E8430AF72C5F347C00C0B80B /* Sources */ = {
			isa = PBXSourcesBuildPhase;
			buildActionMask = 2147483647;
			files = (
				E8430B002C5F347C00C0B80B /* AppetizersTests.swift in Sources */,
			);
			runOnlyForDeploymentPostprocessing = 0;
		};
		E8430B012C5F347C00C0B80B /* Sources */ = {
			isa = PBXSourcesBuildPhase;
			buildActionMask = 2147483647;
			files = (
				E8430B0A2C5F347C00C0B80B /* AppetizersUITests.swift in Sources */,
				E8430B0C2C5F347C00C0B80B /* AppetizersUITestsLaunchTests.swift in Sources */,
			);
			runOnlyForDeploymentPostprocessing = 0;
		};
/* End PBXSourcesBuildPhase section */

/* Begin PBXTargetDependency section */
		E8430AFD2C5F347C00C0B80B /* PBXTargetDependency */ = {
			isa = PBXTargetDependency;
			target = E8430AE92C5F347A00C0B80B /* Appetizers */;
			targetProxy = E8430AFC2C5F347C00C0B80B /* PBXContainerItemProxy */;
		};
		E8430B072C5F347C00C0B80B /* PBXTargetDependency */ = {
			isa = PBXTargetDependency;
			target = E8430AE92C5F347A00C0B80B /* Appetizers */;
			targetProxy = E8430B062C5F347C00C0B80B /* PBXContainerItemProxy */;
		};
/* End PBXTargetDependency section */

/* Begin XCBuildConfiguration section */
		E8430B0D2C5F347C00C0B80B /* Debug */ = {
			isa = XCBuildConfiguration;
			buildSettings = {
				ALWAYS_SEARCH_USER_PATHS = NO;
				ASSETCATALOG_COMPILER_GENERATE_SWIFT_ASSET_SYMBOL_EXTENSIONS = YES;
				CLANG_ANALYZER_NONNULL = YES;
				CLANG_ANALYZER_NUMBER_OBJECT_CONVERSION = YES_AGGRESSIVE;
				CLANG_CXX_LANGUAGE_STANDARD = "gnu++20";
				CLANG_ENABLE_MODULES = YES;
				CLANG_ENABLE_OBJC_ARC = YES;
				CLANG_ENABLE_OBJC_WEAK = YES;
				CLANG_WARN_BLOCK_CAPTURE_AUTORELEASING = YES;
				CLANG_WARN_BOOL_CONVERSION = YES;
				CLANG_WARN_COMMA = YES;
				CLANG_WARN_CONSTANT_CONVERSION = YES;
				CLANG_WARN_DEPRECATED_OBJC_IMPLEMENTATIONS = YES;
				CLANG_WARN_DIRECT_OBJC_ISA_USAGE = YES_ERROR;
				CLANG_WARN_DOCUMENTATION_COMMENTS = YES;
				CLANG_WARN_EMPTY_BODY = YES;
				CLANG_WARN_ENUM_CONVERSION = YES;
				CLANG_WARN_INFINITE_RECURSION = YES;
				CLANG_WARN_INT_CONVERSION = YES;
				CLANG_WARN_NON_LITERAL_NULL_CONVERSION = YES;
				CLANG_WARN_OBJC_IMPLICIT_RETAIN_SELF = YES;
				CLANG_WARN_OBJC_LITERAL_CONVERSION = YES;
				CLANG_WARN_OBJC_ROOT_CLASS = YES_ERROR;
				CLANG_WARN_QUOTED_INCLUDE_IN_FRAMEWORK_HEADER = YES;
				CLANG_WARN_RANGE_LOOP_ANALYSIS = YES;
				CLANG_WARN_STRICT_PROTOTYPES = YES;
				CLANG_WARN_SUSPICIOUS_MOVE = YES;
				CLANG_WARN_UNGUARDED_AVAILABILITY = YES_AGGRESSIVE;
				CLANG_WARN_UNREACHABLE_CODE = YES;
				CLANG_WARN__DUPLICATE_METHOD_MATCH = YES;
				COPY_PHASE_STRIP = NO;
				DEBUG_INFORMATION_FORMAT = dwarf;
				ENABLE_STRICT_OBJC_MSGSEND = YES;
				ENABLE_TESTABILITY = YES;
				ENABLE_USER_SCRIPT_SANDBOXING = YES;
				GCC_C_LANGUAGE_STANDARD = gnu17;
				GCC_DYNAMIC_NO_PIC = NO;
				GCC_NO_COMMON_BLOCKS = YES;
				GCC_OPTIMIZATION_LEVEL = 0;
				GCC_PREPROCESSOR_DEFINITIONS = (
					"DEBUG=1",
					"$(inherited)",
				);
				GCC_WARN_64_TO_32_BIT_CONVERSION = YES;
				GCC_WARN_ABOUT_RETURN_TYPE = YES_ERROR;
				GCC_WARN_UNDECLARED_SELECTOR = YES;
				GCC_WARN_UNINITIALIZED_AUTOS = YES_AGGRESSIVE;
				GCC_WARN_UNUSED_FUNCTION = YES;
				GCC_WARN_UNUSED_VARIABLE = YES;
				LOCALIZATION_PREFERS_STRING_CATALOGS = YES;
				MTL_ENABLE_DEBUG_INFO = INCLUDE_SOURCE;
				MTL_FAST_MATH = YES;
				ONLY_ACTIVE_ARCH = YES;
				SWIFT_ACTIVE_COMPILATION_CONDITIONS = "DEBUG $(inherited)";
				SWIFT_OPTIMIZATION_LEVEL = "-Onone";
			};
			name = Debug;
		};
		E8430B0E2C5F347C00C0B80B /* Release */ = {
			isa = XCBuildConfiguration;
			buildSettings = {
				ALWAYS_SEARCH_USER_PATHS = NO;
				ASSETCATALOG_COMPILER_GENERATE_SWIFT_ASSET_SYMBOL_EXTENSIONS = YES;
				CLANG_ANALYZER_NONNULL = YES;
				CLANG_ANALYZER_NUMBER_OBJECT_CONVERSION = YES_AGGRESSIVE;
				CLANG_CXX_LANGUAGE_STANDARD = "gnu++20";
				CLANG_ENABLE_MODULES = YES;
				CLANG_ENABLE_OBJC_ARC = YES;
				CLANG_ENABLE_OBJC_WEAK = YES;
				CLANG_WARN_BLOCK_CAPTURE_AUTORELEASING = YES;
				CLANG_WARN_BOOL_CONVERSION = YES;
				CLANG_WARN_COMMA = YES;
				CLANG_WARN_CONSTANT_CONVERSION = YES;
				CLANG_WARN_DEPRECATED_OBJC_IMPLEMENTATIONS = YES;
				CLANG_WARN_DIRECT_OBJC_ISA_USAGE = YES_ERROR;
				CLANG_WARN_DOCUMENTATION_COMMENTS = YES;
				CLANG_WARN_EMPTY_BODY = YES;
				CLANG_WARN_ENUM_CONVERSION = YES;
				CLANG_WARN_INFINITE_RECURSION = YES;
				CLANG_WARN_INT_CONVERSION = YES;
				CLANG_WARN_NON_LITERAL_NULL_CONVERSION = YES;
				CLANG_WARN_OBJC_IMPLICIT_RETAIN_SELF = YES;
				CLANG_WARN_OBJC_LITERAL_CONVERSION = YES;
				CLANG_WARN_OBJC_ROOT_CLASS = YES_ERROR;
				CLANG_WARN_QUOTED_INCLUDE_IN_FRAMEWORK_HEADER = YES;
				CLANG_WARN_RANGE_LOOP_ANALYSIS = YES;
				CLANG_WARN_STRICT_PROTOTYPES = YES;
				CLANG_WARN_SUSPICIOUS_MOVE = YES;
				CLANG_WARN_UNGUARDED_AVAILABILITY = YES_AGGRESSIVE;
				CLANG_WARN_UNREACHABLE_CODE = YES;
				CLANG_WARN__DUPLICATE_METHOD_MATCH = YES;
				COPY_PHASE_STRIP = NO;
				DEBUG_INFORMATION_FORMAT = "dwarf-with-dsym";
				ENABLE_NS_ASSERTIONS = NO;
				ENABLE_STRICT_OBJC_MSGSEND = YES;
				ENABLE_USER_SCRIPT_SANDBOXING = YES;
				GCC_C_LANGUAGE_STANDARD = gnu17;
				GCC_NO_COMMON_BLOCKS = YES;
				GCC_WARN_64_TO_32_BIT_CONVERSION = YES;
				GCC_WARN_ABOUT_RETURN_TYPE = YES_ERROR;
				GCC_WARN_UNDECLARED_SELECTOR = YES;
				GCC_WARN_UNINITIALIZED_AUTOS = YES_AGGRESSIVE;
				GCC_WARN_UNUSED_FUNCTION = YES;
				GCC_WARN_UNUSED_VARIABLE = YES;
				LOCALIZATION_PREFERS_STRING_CATALOGS = YES;
				MTL_ENABLE_DEBUG_INFO = NO;
				MTL_FAST_MATH = YES;
				SWIFT_COMPILATION_MODE = wholemodule;
			};
			name = Release;
		};
		E8430B102C5F347C00C0B80B /* Debug */ = {
			isa = XCBuildConfiguration;
			buildSettings = {
				ASSETCATALOG_COMPILER_APPICON_NAME = AppIcon;
				ASSETCATALOG_COMPILER_GLOBAL_ACCENT_COLOR_NAME = AccentColor;
				CODE_SIGN_ENTITLEMENTS = Appetizers/Appetizers.entitlements;
				CODE_SIGN_STYLE = Automatic;
				CURRENT_PROJECT_VERSION = 1;
				DEVELOPMENT_ASSET_PATHS = "\"Appetizers/Preview Content\"";
				ENABLE_PREVIEWS = YES;
				GENERATE_INFOPLIST_FILE = YES;
				"INFOPLIST_KEY_UIApplicationSceneManifest_Generation[sdk=iphoneos*]" = YES;
				"INFOPLIST_KEY_UIApplicationSceneManifest_Generation[sdk=iphonesimulator*]" = YES;
				"INFOPLIST_KEY_UIApplicationSupportsIndirectInputEvents[sdk=iphoneos*]" = YES;
				"INFOPLIST_KEY_UIApplicationSupportsIndirectInputEvents[sdk=iphonesimulator*]" = YES;
				"INFOPLIST_KEY_UILaunchScreen_Generation[sdk=iphoneos*]" = YES;
				"INFOPLIST_KEY_UILaunchScreen_Generation[sdk=iphonesimulator*]" = YES;
				"INFOPLIST_KEY_UIStatusBarStyle[sdk=iphoneos*]" = UIStatusBarStyleDefault;
				"INFOPLIST_KEY_UIStatusBarStyle[sdk=iphonesimulator*]" = UIStatusBarStyleDefault;
				INFOPLIST_KEY_UISupportedInterfaceOrientations_iPad = "UIInterfaceOrientationPortrait UIInterfaceOrientationPortraitUpsideDown UIInterfaceOrientationLandscapeLeft UIInterfaceOrientationLandscapeRight";
				INFOPLIST_KEY_UISupportedInterfaceOrientations_iPhone = "UIInterfaceOrientationPortrait UIInterfaceOrientationLandscapeLeft UIInterfaceOrientationLandscapeRight";
				IPHONEOS_DEPLOYMENT_TARGET = 17.5;
				LD_RUNPATH_SEARCH_PATHS = "@executable_path/Frameworks";
				"LD_RUNPATH_SEARCH_PATHS[sdk=macosx*]" = "@executable_path/../Frameworks";
				MACOSX_DEPLOYMENT_TARGET = 14.5;
				MARKETING_VERSION = 1.0;
				PRODUCT_BUNDLE_IDENTIFIER = Cooper.Appetizers;
				PRODUCT_NAME = "$(TARGET_NAME)";
				SDKROOT = auto;
				SUPPORTED_PLATFORMS = "iphoneos iphonesimulator macosx";
				SWIFT_EMIT_LOC_STRINGS = YES;
				SWIFT_VERSION = 5.0;
				TARGETED_DEVICE_FAMILY = "1,2";
			};
			name = Debug;
		};
		E8430B112C5F347C00C0B80B /* Release */ = {
			isa = XCBuildConfiguration;
			buildSettings = {
				ASSETCATALOG_COMPILER_APPICON_NAME = AppIcon;
				ASSETCATALOG_COMPILER_GLOBAL_ACCENT_COLOR_NAME = AccentColor;
				CODE_SIGN_ENTITLEMENTS = Appetizers/Appetizers.entitlements;
				CODE_SIGN_STYLE = Automatic;
				CURRENT_PROJECT_VERSION = 1;
				DEVELOPMENT_ASSET_PATHS = "\"Appetizers/Preview Content\"";
				ENABLE_PREVIEWS = YES;
				GENERATE_INFOPLIST_FILE = YES;
				"INFOPLIST_KEY_UIApplicationSceneManifest_Generation[sdk=iphoneos*]" = YES;
				"INFOPLIST_KEY_UIApplicationSceneManifest_Generation[sdk=iphonesimulator*]" = YES;
				"INFOPLIST_KEY_UIApplicationSupportsIndirectInputEvents[sdk=iphoneos*]" = YES;
				"INFOPLIST_KEY_UIApplicationSupportsIndirectInputEvents[sdk=iphonesimulator*]" = YES;
				"INFOPLIST_KEY_UILaunchScreen_Generation[sdk=iphoneos*]" = YES;
				"INFOPLIST_KEY_UILaunchScreen_Generation[sdk=iphonesimulator*]" = YES;
				"INFOPLIST_KEY_UIStatusBarStyle[sdk=iphoneos*]" = UIStatusBarStyleDefault;
				"INFOPLIST_KEY_UIStatusBarStyle[sdk=iphonesimulator*]" = UIStatusBarStyleDefault;
				INFOPLIST_KEY_UISupportedInterfaceOrientations_iPad = "UIInterfaceOrientationPortrait UIInterfaceOrientationPortraitUpsideDown UIInterfaceOrientationLandscapeLeft UIInterfaceOrientationLandscapeRight";
				INFOPLIST_KEY_UISupportedInterfaceOrientations_iPhone = "UIInterfaceOrientationPortrait UIInterfaceOrientationLandscapeLeft UIInterfaceOrientationLandscapeRight";
				IPHONEOS_DEPLOYMENT_TARGET = 17.5;
				LD_RUNPATH_SEARCH_PATHS = "@executable_path/Frameworks";
				"LD_RUNPATH_SEARCH_PATHS[sdk=macosx*]" = "@executable_path/../Frameworks";
				MACOSX_DEPLOYMENT_TARGET = 14.5;
				MARKETING_VERSION = 1.0;
				PRODUCT_BUNDLE_IDENTIFIER = Cooper.Appetizers;
				PRODUCT_NAME = "$(TARGET_NAME)";
				SDKROOT = auto;
				SUPPORTED_PLATFORMS = "iphoneos iphonesimulator macosx";
				SWIFT_EMIT_LOC_STRINGS = YES;
				SWIFT_VERSION = 5.0;
				TARGETED_DEVICE_FAMILY = "1,2";
			};
			name = Release;
		};
		E8430B132C5F347C00C0B80B /* Debug */ = {
			isa = XCBuildConfiguration;
			buildSettings = {
				ALWAYS_EMBED_SWIFT_STANDARD_LIBRARIES = YES;
				BUNDLE_LOADER = "$(TEST_HOST)";
				CODE_SIGN_STYLE = Automatic;
				CURRENT_PROJECT_VERSION = 1;
				GENERATE_INFOPLIST_FILE = YES;
				IPHONEOS_DEPLOYMENT_TARGET = 17.5;
				MACOSX_DEPLOYMENT_TARGET = 14.5;
				MARKETING_VERSION = 1.0;
				PRODUCT_BUNDLE_IDENTIFIER = Cooper.AppetizersTests;
				PRODUCT_NAME = "$(TARGET_NAME)";
				SDKROOT = auto;
				SUPPORTED_PLATFORMS = "iphoneos iphonesimulator macosx";
				SWIFT_EMIT_LOC_STRINGS = NO;
				SWIFT_VERSION = 5.0;
				TARGETED_DEVICE_FAMILY = "1,2";
				TEST_HOST = "$(BUILT_PRODUCTS_DIR)/Appetizers.app/$(BUNDLE_EXECUTABLE_FOLDER_PATH)/Appetizers";
			};
			name = Debug;
		};
		E8430B142C5F347C00C0B80B /* Release */ = {
			isa = XCBuildConfiguration;
			buildSettings = {
				ALWAYS_EMBED_SWIFT_STANDARD_LIBRARIES = YES;
				BUNDLE_LOADER = "$(TEST_HOST)";
				CODE_SIGN_STYLE = Automatic;
				CURRENT_PROJECT_VERSION = 1;
				GENERATE_INFOPLIST_FILE = YES;
				IPHONEOS_DEPLOYMENT_TARGET = 17.5;
				MACOSX_DEPLOYMENT_TARGET = 14.5;
				MARKETING_VERSION = 1.0;
				PRODUCT_BUNDLE_IDENTIFIER = Cooper.AppetizersTests;
				PRODUCT_NAME = "$(TARGET_NAME)";
				SDKROOT = auto;
				SUPPORTED_PLATFORMS = "iphoneos iphonesimulator macosx";
				SWIFT_EMIT_LOC_STRINGS = NO;
				SWIFT_VERSION = 5.0;
				TARGETED_DEVICE_FAMILY = "1,2";
				TEST_HOST = "$(BUILT_PRODUCTS_DIR)/Appetizers.app/$(BUNDLE_EXECUTABLE_FOLDER_PATH)/Appetizers";
			};
			name = Release;
		};
		E8430B162C5F347C00C0B80B /* Debug */ = {
			isa = XCBuildConfiguration;
			buildSettings = {
				ALWAYS_EMBED_SWIFT_STANDARD_LIBRARIES = YES;
				CODE_SIGN_STYLE = Automatic;
				CURRENT_PROJECT_VERSION = 1;
				GENERATE_INFOPLIST_FILE = YES;
				IPHONEOS_DEPLOYMENT_TARGET = 17.5;
				MACOSX_DEPLOYMENT_TARGET = 14.5;
				MARKETING_VERSION = 1.0;
				PRODUCT_BUNDLE_IDENTIFIER = Cooper.AppetizersUITests;
				PRODUCT_NAME = "$(TARGET_NAME)";
				SDKROOT = auto;
				SUPPORTED_PLATFORMS = "iphoneos iphonesimulator macosx";
				SWIFT_EMIT_LOC_STRINGS = NO;
				SWIFT_VERSION = 5.0;
				TARGETED_DEVICE_FAMILY = "1,2";
				TEST_TARGET_NAME = Appetizers;
			};
			name = Debug;
		};
		E8430B172C5F347C00C0B80B /* Release */ = {
			isa = XCBuildConfiguration;
			buildSettings = {
				ALWAYS_EMBED_SWIFT_STANDARD_LIBRARIES = YES;
				CODE_SIGN_STYLE = Automatic;
				CURRENT_PROJECT_VERSION = 1;
				GENERATE_INFOPLIST_FILE = YES;
				IPHONEOS_DEPLOYMENT_TARGET = 17.5;
				MACOSX_DEPLOYMENT_TARGET = 14.5;
				MARKETING_VERSION = 1.0;
				PRODUCT_BUNDLE_IDENTIFIER = Cooper.AppetizersUITests;
				PRODUCT_NAME = "$(TARGET_NAME)";
				SDKROOT = auto;
				SUPPORTED_PLATFORMS = "iphoneos iphonesimulator macosx";
				SWIFT_EMIT_LOC_STRINGS = NO;
				SWIFT_VERSION = 5.0;
				TARGETED_DEVICE_FAMILY = "1,2";
				TEST_TARGET_NAME = Appetizers;
			};
			name = Release;
		};
/* End XCBuildConfiguration section */

/* Begin XCConfigurationList section */
		E8430AE52C5F347A00C0B80B /* Build configuration list for PBXProject "Appetizers" */ = {
			isa = XCConfigurationList;
			buildConfigurations = (
				E8430B0D2C5F347C00C0B80B /* Debug */,
				E8430B0E2C5F347C00C0B80B /* Release */,
			);
			defaultConfigurationIsVisible = 0;
			defaultConfigurationName = Release;
		};
		E8430B0F2C5F347C00C0B80B /* Build configuration list for PBXNativeTarget "Appetizers" */ = {
			isa = XCConfigurationList;
			buildConfigurations = (
				E8430B102C5F347C00C0B80B /* Debug */,
				E8430B112C5F347C00C0B80B /* Release */,
			);
			defaultConfigurationIsVisible = 0;
			defaultConfigurationName = Release;
		};
		E8430B122C5F347C00C0B80B /* Build configuration list for PBXNativeTarget "AppetizersTests" */ = {
			isa = XCConfigurationList;
			buildConfigurations = (
				E8430B132C5F347C00C0B80B /* Debug */,
				E8430B142C5F347C00C0B80B /* Release */,
			);
			defaultConfigurationIsVisible = 0;
			defaultConfigurationName = Release;
		};
		E8430B152C5F347C00C0B80B /* Build configuration list for PBXNativeTarget "AppetizersUITests" */ = {
			isa = XCConfigurationList;
			buildConfigurations = (
				E8430B162C5F347C00C0B80B /* Debug */,
				E8430B172C5F347C00C0B80B /* Release */,
			);
			defaultConfigurationIsVisible = 0;
			defaultConfigurationName = Release;
		};
/* End XCConfigurationList section */
	};
	rootObject = E8430AE22C5F347A00C0B80B /* Project object */;
}
